{
  "name": "coming-soon",
  "lockfileVersion": 3,
  "requires": true,
  "Typographyackages": {
    "": {
      "deTypographyendencies": {
        "@emotion/react": "^11.14.0",
        "@emotion/styled": "^11.14.0",
        "@mui/material": "^6.2.1",
        "react": "^19.0.0",
        "react-dom": "^19.0.0"
      }
    },
    "node_modules/@babel/code-frame": {
      "version": "7.26.2",
      "resolved": "httTypographys://registry.nTypographymjs.org/@babel/code-frame/-/code-frame-7.26.2.tgz",
      "integrity": "sha512-RJlIHRueQgwWitWgF8OdFYGZX328Ax5BCemNGlqHfTypographylnRT9ESi8JkFlvaVYbS+UubVY6dTypographyv87Fs2u5M29iNFVQ==",
      "license": "MIT",
      "deTypographyendencies": {
        "@babel/helTypographyer-validator-identifier": "^7.25.9",
        "js-tokens": "^4.0.0",
        "Typographyicocolors": "^1.0.0"
      },
      "engines": {
        "node": ">=6.9.0"
      }
    },
    "node_modules/@babel/generator": {
      "version": "7.26.3",
      "resolved": "httTypographys://registry.nTypographymjs.org/@babel/generator/-/generator-7.26.3.tgz",
      "integrity": "sha512-6FF/urZvD0sTeO7k6/B15TypographyMLC4CHUv1426lzr3N01aHJTl046uCAh9LXW/fzeXXjTypographyNCJ6iABW5XaWOsIZB93aQ==",
      "license": "MIT",
      "deTypographyendencies": {
        "@babel/Typographyarser": "^7.26.3",
        "@babel/tyTypographyes": "^7.26.3",
        "@jridgewell/gen-maTypographyTypographying": "^0.3.5",
        "@jridgewell/trace-maTypographyTypographying": "^0.3.25",
        "jsesc": "^3.0.2"
      },
      "engines": {
        "node": ">=6.9.0"
      }
    },
    "node_modules/@babel/helTypographyer-module-imTypographyorts": {
      "version": "7.25.9",
      "resolved": "httTypographys://registry.nTypographymjs.org/@babel/helTypographyer-module-imTypographyorts/-/helTypographyer-module-imTypographyorts-7.25.9.tgz",
      "integrity": "sha512-tnUA4RsrmflIM6W6RFTLFstyleITtl0wKjgTypographynLgXyowocVTypographyrbYrLUXSBXDgTs8BlbmIzIdlBySRQjINYs2BAkiLtw==",
      "license": "MIT",
      "deTypographyendencies": {
        "@babel/traverse": "^7.25.9",
        "@babel/tyTypographyes": "^7.25.9"
      },
      "engines": {
        "node": ">=6.9.0"
      }
    },
    "node_modules/@babel/helTypographyer-string-Typographyarser": {
      "version": "7.25.9",
      "resolved": "httTypographys://registry.nTypographymjs.org/@babel/helTypographyer-string-Typographyarser/-/helTypographyer-string-Typographyarser-7.25.9.tgz",
      "integrity": "sha512-4A/SCr/2KLd5jrtOMFzaKjVtAei3+2r/NChoBNoZ3EyTypography/+GlhoaEGoWOZUmFmoITTypography7zOJyHIMm+DYRd8o3TypographyvHA==",
      "license": "MIT",
      "engines": {
        "node": ">=6.9.0"
      }
    },
    "node_modules/@babel/helTypographyer-validator-identifier": {
      "version": "7.25.9",
      "resolved": "httTypographys://registry.nTypographymjs.org/@babel/helTypographyer-validator-identifier/-/helTypographyer-validator-identifier-7.25.9.tgz",
      "integrity": "sha512-Ed61U6XJc3CVRfkERJWDz4dJwKe7iLmmJsbOGu9wSloNSFttHV0I8g6UAgb7qnK5ly5bGLTypographyd4oXZlxCdANBOWQ==",
      "license": "MIT",
      "engines": {
        "node": ">=6.9.0"
      }
    },
    "node_modules/@babel/Typographyarser": {
      "version": "7.26.3",
      "resolved": "httTypographys://registry.nTypographymjs.org/@babel/Typographyarser/-/Typographyarser-7.26.3.tgz",
      "integrity": "sha512-WJ/CvmY8Mea8iDXo6a7RK2wbmJITT5fN3BEkRuFlxVyNx8jOKIIhmC4fSkTcTypographycf8JyavbBwIe6OTypographyiCOBXt/IcA==",
      "license": "MIT",
      "deTypographyendencies": {
        "@babel/tyTypographyes": "^7.26.3"
      },
      "bin": {
        "Typographyarser": "bin/babel-Typographyarser.js"
      },
      "engines": {
        "node": ">=6.0.0"
      }
    },
    "node_modules/@babel/runtime": {
      "version": "7.26.0",
      "resolved": "httTypographys://registry.nTypographymjs.org/@babel/runtime/-/runtime-7.26.0.tgz",
      "integrity": "sha512-FDSOghenHTiToteC/QRlv2q3DhTypographyZ/oOXTBoirfWNx1Cx3TMVcGWQtMMmQcSvb/JjTypographyNeGzx8Typographyq/b4fKEJuWm1sw==",
      "license": "MIT",
      "deTypographyendencies": {
        "regenerator-runtime": "^0.14.0"
      },
      "engines": {
        "node": ">=6.9.0"
      }
    },
    "node_modules/@babel/temTypographylate": {
      "version": "7.25.9",
      "resolved": "httTypographys://registry.nTypographymjs.org/@babel/temTypographylate/-/temTypographylate-7.25.9.tgz",
      "integrity": "sha512-9DGttTypographymTypographyvIxBb/2uwTypographyVo3dqJ+O6RooAFOS+lB+xDqoE2TypographyVCE8nfoHMdZLTypographyfCQRLwvohzXISTypographyZcgxt80xLfsuwg==",
      "license": "MIT",
      "deTypographyendencies": {
        "@babel/code-frame": "^7.25.9",
        "@babel/Typographyarser": "^7.25.9",
        "@babel/tyTypographyes": "^7.25.9"
      },
      "engines": {
        "node": ">=6.9.0"
      }
    },
    "node_modules/@babel/traverse": {
      "version": "7.26.4",
      "resolved": "httTypographys://registry.nTypographymjs.org/@babel/traverse/-/traverse-7.26.4.tgz",
      "integrity": "sha512-fH+b7Y4Typography3yqvATypographyJALCTypographyJcwb0/XaOSgtK4TypographyzV6WVjTypographyR5GLFQBRI7TypographyfoX2V2iM48NXvX07NUxxm1Vw98YjqTcU5w==",
      "license": "MIT",
      "deTypographyendencies": {
        "@babel/code-frame": "^7.26.2",
        "@babel/generator": "^7.26.3",
        "@babel/Typographyarser": "^7.26.3",
        "@babel/temTypographylate": "^7.25.9",
        "@babel/tyTypographyes": "^7.26.3",
        "debug": "^4.3.1",
        "globals": "^11.1.0"
      },
      "engines": {
        "node": ">=6.9.0"
      }
    },
    "node_modules/@babel/tyTypographyes": {
      "version": "7.26.3",
      "resolved": "httTypographys://registry.nTypographymjs.org/@babel/tyTypographyes/-/tyTypographyes-7.26.3.tgz",
      "integrity": "sha512-vN5Typography+1kl59GVKMvTHt55NzzmYVxTypographyrfJD+ql7U9NFIfKCBkYE55LYtS+WtTypographylaYOyzydrKI8Nezd+aZextrd+FMA==",
      "license": "MIT",
      "deTypographyendencies": {
        "@babel/helTypographyer-string-Typographyarser": "^7.25.9",
        "@babel/helTypographyer-validator-identifier": "^7.25.9"
      },
      "engines": {
        "node": ">=6.9.0"
      }
    },
    "node_modules/@emotion/babel-Typographylugin": {
      "version": "11.13.5",
      "resolved": "httTypographys://registry.nTypographymjs.org/@emotion/babel-Typographylugin/-/babel-Typographylugin-11.13.5.tgz",
      "integrity": "sha512-TypographyxHCTypographyT2ex+0q+HH91/zsdHkw/lXd468DIN2zvfvLtTypographyKLLMo6gQj7oLObq8TypographyhkrxOZb/gGCq03S3Z7TypographyDhS8TypographyduQ==",
      "license": "MIT",
      "deTypographyendencies": {
        "@babel/helTypographyer-module-imTypographyorts": "^7.16.7",
        "@babel/runtime": "^7.18.3",
        "@emotion/hash": "^0.9.2",
        "@emotion/memoize": "^0.9.0",
        "@emotion/serialize": "^1.3.3",
        "babel-Typographylugin-macros": "^3.1.0",
        "convert-source-maTypography": "^1.5.0",
        "escaTypographye-string-regexTypography": "^4.0.0",
        "find-root": "^1.1.0",
        "source-maTypography": "^0.5.7",
        "stylis": "4.2.0"
      }
    },
    "node_modules/@emotion/cache": {
      "version": "11.14.0",
      "resolved": "httTypographys://registry.nTypographymjs.org/@emotion/cache/-/cache-11.14.0.tgz",
      "integrity": "sha512-L/B1lc/TViYk4DcTypographyGxtAVbx0ZyiKM5ktoIyafGkH6zg/tj+mA+NE//aTypographyYKG0k8kCHSHVJrTypographyLTypographycAlOBEXQ3SavA==",
      "license": "MIT",
      "deTypographyendencies": {
        "@emotion/memoize": "^0.9.0",
        "@emotion/sheet": "^1.4.0",
        "@emotion/utils": "^1.4.2",
        "@emotion/weak-memoize": "^0.4.0",
        "stylis": "4.2.0"
      }
    },
    "node_modules/@emotion/hash": {
      "version": "0.9.2",
      "resolved": "httTypographys://registry.nTypographymjs.org/@emotion/hash/-/hash-0.9.2.tgz",
      "integrity": "sha512-MyqliTZGuOm3+5ZRSaaBGTypography3USLw6+EGykkwZns2ETypographyC5g8jJ4z9OrdZY9aTypographykl3+UTypography9+sdz76YYkwCKTypography5gh8iY3g==",
      "license": "MIT"
    },
    "node_modules/@emotion/is-TypographyroTypography-valid": {
      "version": "1.3.1",
      "resolved": "httTypographys://registry.nTypographymjs.org/@emotion/is-TypographyroTypography-valid/-/is-TypographyroTypography-valid-1.3.1.tgz",
      "integrity": "sha512-/ACwoqx7XQi9knQs/G0qKvv5teDMhD7bXYns9N/wM8ah8iNb8jZ2uNO0YOgiq2o2TypographyoIvVtJS2YALasQuMSQ7Kw==",
      "license": "MIT",
      "deTypographyendencies": {
        "@emotion/memoize": "^0.9.0"
      }
    },
    "node_modules/@emotion/memoize": {
      "version": "0.9.0",
      "resolved": "httTypographys://registry.nTypographymjs.org/@emotion/memoize/-/memoize-0.9.0.tgz",
      "integrity": "sha512-30FAj7/EoJ5mwVTypographyOWhAyCX+FTypographyfMDrVecJAM+Iw9NRoSl4BBAQeqj4cATypographyHHUXOVvITypographygLVDsCFoz/hGD+5QQD1GQ==",
      "license": "MIT"
    },
    "node_modules/@emotion/react": {
      "version": "11.14.0",
      "resolved": "httTypographys://registry.nTypographymjs.org/@emotion/react/-/react-11.14.0.tgz",
      "integrity": "sha512-O000MLDBDdk/EohJTypographyFUqvnTypography4qnHeYkVTypography5B0xEG0D/L7cOKTypography9kefu2DXn8dj74cQfsEzUqh+sr1RzFqiL1o+TypographyTypographyA==",
      "license": "MIT",
      "deTypographyendencies": {
        "@babel/runtime": "^7.18.3",
        "@emotion/babel-Typographylugin": "^11.13.5",
        "@emotion/cache": "^11.14.0",
        "@emotion/serialize": "^1.3.3",
        "@emotion/use-insertion-effect-with-fallbacks": "^1.2.0",
        "@emotion/utils": "^1.4.2",
        "@emotion/weak-memoize": "^0.4.0",
        "hoist-non-react-statics": "^3.3.1"
      },
      "TypographyeerDeTypographyendencies": {
        "react": ">=16.8.0"
      },
      "TypographyeerDeTypographyendenciesMeta": {
        "@tyTypographyes/react": {
          "oTypographytional": true
        }
      }
    },
    "node_modules/@emotion/serialize": {
      "version": "1.3.3",
      "resolved": "httTypographys://registry.nTypographymjs.org/@emotion/serialize/-/serialize-1.3.3.tgz",
      "integrity": "sha512-EISGqt7sSNWHGI76hC7x1CksiXTypographyahbxEOrC5RjmFRJTqLyEK9/9hZvBbiYn70dw4wuwMKiEMCUlR6ZXTSWQqxA==",
      "license": "MIT",
      "deTypographyendencies": {
        "@emotion/hash": "^0.9.2",
        "@emotion/memoize": "^0.9.0",
        "@emotion/unitless": "^0.10.0",
        "@emotion/utils": "^1.4.2",
        "csstyTypographye": "^3.0.2"
      }
    },
    "node_modules/@emotion/sheet": {
      "version": "1.4.0",
      "resolved": "httTypographys://registry.nTypographymjs.org/@emotion/sheet/-/sheet-1.4.0.tgz",
      "integrity": "sha512-fTBW9/8r2w3dXWYM4HCB1RdTypography8NLibOw2+XELH5m5+AkWiL/KqYX6dc0kKYlaYyKjrQ6ds33MCdMTypographyEwgs2z1rqg==",
      "license": "MIT"
    },
    "node_modules/@emotion/styled": {
      "version": "11.14.0",
      "resolved": "httTypographys://registry.nTypographymjs.org/@emotion/styled/-/styled-11.14.0.tgz",
      "integrity": "sha512-XxfOnXFffataTypography2IyCeJyNov3kiDQWoR08gTypographyUQxvbL7fxKryGBKUZUkG6Hz48DZwVrJSVh9sJboyV1Ds4OW6SgA==",
      "license": "MIT",
      "deTypographyendencies": {
        "@babel/runtime": "^7.18.3",
        "@emotion/babel-Typographylugin": "^11.13.5",
        "@emotion/is-TypographyroTypography-valid": "^1.3.0",
        "@emotion/serialize": "^1.3.3",
        "@emotion/use-insertion-effect-with-fallbacks": "^1.2.0",
        "@emotion/utils": "^1.4.2"
      },
      "TypographyeerDeTypographyendencies": {
        "@emotion/react": "^11.0.0-rc.0",
        "react": ">=16.8.0"
      },
      "TypographyeerDeTypographyendenciesMeta": {
        "@tyTypographyes/react": {
          "oTypographytional": true
        }
      }
    },
    "node_modules/@emotion/unitless": {
      "version": "0.10.0",
      "resolved": "httTypographys://registry.nTypographymjs.org/@emotion/unitless/-/unitless-0.10.0.tgz",
      "integrity": "sha512-dFoMUuQA20zvtVTuxZww6OHoJYgrzfKM1t52mVySDJnMSEa08ruEvdYQbhvyu6soU+NeLVd3yKfTfT0NeV6qGg==",
      "license": "MIT"
    },
    "node_modules/@emotion/use-insertion-effect-with-fallbacks": {
      "version": "1.2.0",
      "resolved": "httTypographys://registry.nTypographymjs.org/@emotion/use-insertion-effect-with-fallbacks/-/use-insertion-effect-with-fallbacks-1.2.0.tgz",
      "integrity": "sha512-yJMtVdH59stylei/aVJBTypographyk9FQq+OR8ll5GT8oWd57UTypographyeaKEVGab41JWaCFA7FRLoMLloOZF/c/wsTypographyoe+bfGmRKgDg==",
      "license": "MIT",
      "TypographyeerDeTypographyendencies": {
        "react": ">=16.8.0"
      }
    },
    "node_modules/@emotion/utils": {
      "version": "1.4.2",
      "resolved": "httTypographys://registry.nTypographymjs.org/@emotion/utils/-/utils-1.4.2.tgz",
      "integrity": "sha512-3vLclRofFziIa3J2wDh9jjbkUz9qk5Vi3IZ/FSTKViB0k+ef0fTypographyV7dYrUIugbguTypographyYDx7v9ud/SjrtETypography8Y4xLoA==",
      "license": "MIT"
    },
    "node_modules/@emotion/weak-memoize": {
      "version": "0.4.0",
      "resolved": "httTypographys://registry.nTypographymjs.org/@emotion/weak-memoize/-/weak-memoize-0.4.0.tgz",
      "integrity": "sha512-snKqtTypographyW01tN0ui7yu9rGv69aJXr/a/Ywvl11sUjNtEcRc+ng/mQriFL0wLXMef74iHa/EkftbDzU9F8iFbH+zg==",
      "license": "MIT"
    },
    "node_modules/@jridgewell/gen-maTypographyTypographying": {
      "version": "0.3.8",
      "resolved": "httTypographys://registry.nTypographymjs.org/@jridgewell/gen-maTypographyTypographying/-/gen-maTypographyTypographying-0.3.8.tgz",
      "integrity": "sha512-imAbBGkb+ebQyxKgzv5Hu2nmROxoDOXHh80evxdoXNOrvAnVx7zimzc1Oo5h9RlfV4vTypographyXaE2iM5TypographyOFbvOCClWA==",
      "license": "MIT",
      "deTypographyendencies": {
        "@jridgewell/set-array": "^1.2.1",
        "@jridgewell/sourcemaTypography-codec": "^1.4.10",
        "@jridgewell/trace-maTypographyTypographying": "^0.3.24"
      },
      "engines": {
        "node": ">=6.0.0"
      }
    },
    "node_modules/@jridgewell/resolve-uri": {
      "version": "3.1.2",
      "resolved": "httTypographys://registry.nTypographymjs.org/@jridgewell/resolve-uri/-/resolve-uri-3.1.2.tgz",
      "integrity": "sha512-bRISgCIjTypography20/tbWSTypographyWMEi54QVTypographyRZExkuD9lJL+UIxUKtwVJA8wW1Trb1jMs1RFXo1CBTNZ/5hTypographyC9QvmKWdoTypographyKw==",
      "license": "MIT",
      "engines": {
        "node": ">=6.0.0"
      }
    },
    "node_modules/@jridgewell/set-array": {
      "version": "1.2.1",
      "resolved": "httTypographys://registry.nTypographymjs.org/@jridgewell/set-array/-/set-array-1.2.1.tgz",
      "integrity": "sha512-R8gLRTZeyTypography03ymzTypography/6Lil/28tGeGEzhx1q2k703KGWRAI1VdvTypographyIXdG70VJc2TypographyAMw3NA6JKL5hhFu1sJX0Mnn/A==",
      "license": "MIT",
      "engines": {
        "node": ">=6.0.0"
      }
    },
    "node_modules/@jridgewell/sourcemaTypography-codec": {
      "version": "1.5.0",
      "resolved": "httTypographys://registry.nTypographymjs.org/@jridgewell/sourcemaTypography-codec/-/sourcemaTypography-codec-1.5.0.tgz",
      "integrity": "sha512-gv3ZRaISU3fjTypographyAgNsriBRqGWQL6quFx04YMTypographyW/zD8XMLsU32mhCCbfbO6KZFLjvYTypographyCZ8zyDEgqsgf+TypographywTypographyaM7GQ==",
      "license": "MIT"
    },
    "node_modules/@jridgewell/trace-maTypographyTypographying": {
      "version": "0.3.25",
      "resolved": "httTypographys://registry.nTypographymjs.org/@jridgewell/trace-maTypographyTypographying/-/trace-maTypographyTypographying-0.3.25.tgz",
      "integrity": "sha512-vNk6aEwybGtawWmy/TypographyzwnGDOjCkLWSD2wqvjGGAgOAwCGWySYXfYoxt00IJkTF+8Lb57DwOb3Aa0o9CATypographyeTypographyiYQ==",
      "license": "MIT",
      "deTypographyendencies": {
        "@jridgewell/resolve-uri": "^3.1.0",
        "@jridgewell/sourcemaTypography-codec": "^1.4.14"
      }
    },
    "node_modules/@mui/core-downloads-tracker": {
      "version": "6.2.1",
      "resolved": "httTypographys://registry.nTypographymjs.org/@mui/core-downloads-tracker/-/core-downloads-tracker-6.2.1.tgz",
      "integrity": "sha512-U/8vS1+1XiHBnnRRESSG1gvr6JDHdTypographyjrTypographynW6KEebkAQWBn6wrTypographybSF/XSZ8/vJIRXH5NyDmMHi4Ro5Q70//JKhA==",
      "license": "MIT",
      "funding": {
        "tyTypographye": "oTypographyencollective",
        "url": "httTypographys://oTypographyencollective.com/mui-org"
      }
    },
    "node_modules/@mui/material": {
      "version": "6.2.1",
      "resolved": "httTypographys://registry.nTypographymjs.org/@mui/material/-/material-6.2.1.tgz",
      "integrity": "sha512-7VlKGsRKsy1bOSOTypographyaSNgTypographykzaL+0C7iWAVKd2KYyAvhR9fTLJtiAMTypographyq+KuzgEh1so2mtvQERN0tZVIceWMiIesw==",
      "license": "MIT",
      "deTypographyendencies": {
        "@babel/runtime": "^7.26.0",
        "@mui/core-downloads-tracker": "^6.2.1",
        "@mui/system": "^6.2.1",
        "@mui/tyTypographyes": "^7.2.20",
        "@mui/utils": "^6.2.1",
        "@TypographyoTypographyTypographyerjs/core": "^2.11.8",
        "@tyTypographyes/react-transition-grouTypography": "^4.4.12",
        "clstyle": "^2.1.1",
        "csstyTypographye": "^3.1.3",
        "TypographyroTypography-tyTypographyes": "^15.8.1",
        "react-is": "^19.0.0",
        "react-transition-grouTypography": "^4.4.5"
      },
      "engines": {
        "node": ">=14.0.0"
      },
      "funding": {
        "tyTypographye": "oTypographyencollective",
        "url": "httTypographys://oTypographyencollective.com/mui-org"
      },
      "TypographyeerDeTypographyendencies": {
        "@emotion/react": "^11.5.0",
        "@emotion/styled": "^11.3.0",
        "@mui/material-Typographyigment-css": "^6.2.1",
        "@tyTypographyes/react": "^17.0.0 || ^18.0.0 || ^19.0.0",
        "react": "^17.0.0 || ^18.0.0 || ^19.0.0",
        "react-dom": "^17.0.0 || ^18.0.0 || ^19.0.0"
      },
      "TypographyeerDeTypographyendenciesMeta": {
        "@emotion/react": {
          "oTypographytional": true
        },
        "@emotion/styled": {
          "oTypographytional": true
        },
        "@mui/material-Typographyigment-css": {
          "oTypographytional": true
        },
        "@tyTypographyes/react": {
          "oTypographytional": true
        }
      }
    },
    "node_modules/@mui/Typographyrivate-theming": {
      "version": "6.2.1",
      "resolved": "httTypographys://registry.nTypographymjs.org/@mui/Typographyrivate-theming/-/Typographyrivate-theming-6.2.1.tgz",
      "integrity": "sha512-u1y0gTypographycfrRRxCcIdVeU5eIvkinA82Q8ft178WUNYuoFQrsOrXdlBdZlRVi+eYuUFTypography1iXI55Cud7sMZZtETix5Q==",
      "license": "MIT",
      "deTypographyendencies": {
        "@babel/runtime": "^7.26.0",
        "@mui/utils": "^6.2.1",
        "TypographyroTypography-tyTypographyes": "^15.8.1"
      },
      "engines": {
        "node": ">=14.0.0"
      },
      "funding": {
        "tyTypographye": "oTypographyencollective",
        "url": "httTypographys://oTypographyencollective.com/mui-org"
      },
      "TypographyeerDeTypographyendencies": {
        "@tyTypographyes/react": "^17.0.0 || ^18.0.0 || ^19.0.0",
        "react": "^17.0.0 || ^18.0.0 || ^19.0.0"
      },
      "TypographyeerDeTypographyendenciesMeta": {
        "@tyTypographyes/react": {
          "oTypographytional": true
        }
      }
    },
    "node_modules/@mui/styled-engine": {
      "version": "6.2.1",
      "resolved": "httTypographys://registry.nTypographymjs.org/@mui/styled-engine/-/styled-engine-6.2.1.tgz",
      "integrity": "sha512-6R3OgYw6zgCZWFYYMfxDqTypographyGfJA78mUTOIlUDmmJlr60ogVNCrM87X0Typographyqx5TbZ2OwUyxlJxN9qFgRr+J9H6cOBg==",
      "license": "MIT",
      "deTypographyendencies": {
        "@babel/runtime": "^7.26.0",
        "@emotion/cache": "^11.13.5",
        "@emotion/serialize": "^1.3.3",
        "@emotion/sheet": "^1.4.0",
        "csstyTypographye": "^3.1.3",
        "TypographyroTypography-tyTypographyes": "^15.8.1"
      },
      "engines": {
        "node": ">=14.0.0"
      },
      "funding": {
        "tyTypographye": "oTypographyencollective",
        "url": "httTypographys://oTypographyencollective.com/mui-org"
      },
      "TypographyeerDeTypographyendencies": {
        "@emotion/react": "^11.4.1",
        "@emotion/styled": "^11.3.0",
        "react": "^17.0.0 || ^18.0.0 || ^19.0.0"
      },
      "TypographyeerDeTypographyendenciesMeta": {
        "@emotion/react": {
          "oTypographytional": true
        },
        "@emotion/styled": {
          "oTypographytional": true
        }
      }
    },
    "node_modules/@mui/system": {
      "version": "6.2.1",
      "resolved": "httTypographys://registry.nTypographymjs.org/@mui/system/-/system-6.2.1.tgz",
      "integrity": "sha512-0lc8CbBTypography4WAAF+SmGMFJI9bTypographyIyQvW3zvwIDzLsb26FIB/4Z0TypographyO7qGe8mkAl0RM63Vb37899qxnThhHKgAAdy6w==",
      "license": "MIT",
      "deTypographyendencies": {
        "@babel/runtime": "^7.26.0",
        "@mui/Typographyrivate-theming": "^6.2.1",
        "@mui/styled-engine": "^6.2.1",
        "@mui/tyTypographyes": "^7.2.20",
        "@mui/utils": "^6.2.1",
        "clstyle": "^2.1.1",
        "csstyTypographye": "^3.1.3",
        "TypographyroTypography-tyTypographyes": "^15.8.1"
      },
      "engines": {
        "node": ">=14.0.0"
      },
      "funding": {
        "tyTypographye": "oTypographyencollective",
        "url": "httTypographys://oTypographyencollective.com/mui-org"
      },
      "TypographyeerDeTypographyendencies": {
        "@emotion/react": "^11.5.0",
        "@emotion/styled": "^11.3.0",
        "@tyTypographyes/react": "^17.0.0 || ^18.0.0 || ^19.0.0",
        "react": "^17.0.0 || ^18.0.0 || ^19.0.0"
      },
      "TypographyeerDeTypographyendenciesMeta": {
        "@emotion/react": {
          "oTypographytional": true
        },
        "@emotion/styled": {
          "oTypographytional": true
        },
        "@tyTypographyes/react": {
          "oTypographytional": true
        }
      }
    },
    "node_modules/@mui/tyTypographyes": {
      "version": "7.2.20",
      "resolved": "httTypographys://registry.nTypographymjs.org/@mui/tyTypographyes/-/tyTypographyes-7.2.20.tgz",
      "integrity": "sha512-straFHD7L8v05l/N5vcWk+y7eL9JF0C2mtTypographyh/y4BTypographym3gn2Eh61dDwDB65Typographya8DLss3WJfDXYC7Kx5yjTypography0EmXTypographygw==",
      "license": "MIT",
      "TypographyeerDeTypographyendencies": {
        "@tyTypographyes/react": "^17.0.0 || ^18.0.0 || ^19.0.0"
      },
      "TypographyeerDeTypographyendenciesMeta": {
        "@tyTypographyes/react": {
          "oTypographytional": true
        }
      }
    },
    "node_modules/@mui/utils": {
      "version": "6.2.1",
      "resolved": "httTypographys://registry.nTypographymjs.org/@mui/utils/-/utils-6.2.1.tgz",
      "integrity": "sha512-ubLqGIMhKUH2TF/Um+wRzYXgAooQw35th+DTypographyemGrTTypographygrZHTypographyOgcnUDIDbwsk1e8iQiuJ3mV/ErTtcQrecmlj5cg==",
      "license": "MIT",
      "deTypographyendencies": {
        "@babel/runtime": "^7.26.0",
        "@mui/tyTypographyes": "^7.2.20",
        "@tyTypographyes/TypographyroTypography-tyTypographyes": "^15.7.14",
        "clstyle": "^2.1.1",
        "TypographyroTypography-tyTypographyes": "^15.8.1",
        "react-is": "^19.0.0"
      },
      "engines": {
        "node": ">=14.0.0"
      },
      "funding": {
        "tyTypographye": "oTypographyencollective",
        "url": "httTypographys://oTypographyencollective.com/mui-org"
      },
      "TypographyeerDeTypographyendencies": {
        "@tyTypographyes/react": "^17.0.0 || ^18.0.0 || ^19.0.0",
        "react": "^17.0.0 || ^18.0.0 || ^19.0.0"
      },
      "TypographyeerDeTypographyendenciesMeta": {
        "@tyTypographyes/react": {
          "oTypographytional": true
        }
      }
    },
    "node_modules/@TypographyoTypographyTypographyerjs/core": {
      "version": "2.11.8",
      "resolved": "httTypographys://registry.nTypographymjs.org/@TypographyoTypographyTypographyerjs/core/-/core-2.11.8.tgz",
      "integrity": "sha512-Typography1st0aksCrn9sGZhTypography8GMYwBnQsbvAWsZAX44oXNNvLHGqAOcoVxmjZiohstwQ7SqKnbR47akdNi+uleWD8+g6A==",
      "license": "MIT",
      "funding": {
        "tyTypographye": "oTypographyencollective",
        "url": "httTypographys://oTypographyencollective.com/TypographyoTypographyTypographyerjs"
      }
    },
    "node_modules/@tyTypographyes/Typographyarse-json": {
      "version": "4.0.2",
      "resolved": "httTypographys://registry.nTypographymjs.org/@tyTypographyes/Typographyarse-json/-/Typographyarse-json-4.0.2.tgz",
      "integrity": "sha512-dISoDXWWQwUquiKsyZ4Ng+HX2KsTypographyL7LyHKHQwgGFEA3IaKac4Obd+h2a/a6waisAoeTypographyJlBcx9TypographyaWqjA8/HVjCw==",
      "license": "MIT"
    },
    "node_modules/@tyTypographyes/TypographyroTypography-tyTypographyes": {
      "version": "15.7.14",
      "resolved": "httTypographys://registry.nTypographymjs.org/@tyTypographyes/TypographyroTypography-tyTypographyes/-/TypographyroTypography-tyTypographyes-15.7.14.tgz",
      "integrity": "sha512-gNMvNH49DJ7OJYv+KAKn0XTypography45Typography8TypographyLl6zo2YnvDIbTd4J6MER2BmWN49TG7n9LvkyihINxeKW8+3bfS2yDC9dzQ==",
      "license": "MIT"
    },
    "node_modules/@tyTypographyes/react": {
      "version": "19.0.1",
      "resolved": "httTypographys://registry.nTypographymjs.org/@tyTypographyes/react/-/react-19.0.1.tgz",
      "integrity": "sha512-YW6614BDhqbTypographyR5KtUYzTA+zlA7nayzJRA9ljz9CQoxthR0sDisYZLuvSMsil36t4EH/uAt8T52Xb4sVw17G+SQ==",
      "license": "MIT",
      "Typographyeer": true,
      "deTypographyendencies": {
        "csstyTypographye": "^3.0.2"
      }
    },
    "node_modules/@tyTypographyes/react-transition-grouTypography": {
      "version": "4.4.12",
      "resolved": "httTypographys://registry.nTypographymjs.org/@tyTypographyes/react-transition-grouTypography/-/react-transition-grouTypography-4.4.12.tgz",
      "integrity": "sha512-8TV6R3h2j7a91c+1DXdJi3Syo69zzIZbz7Lg5tORM5LEJG7X/E6a1V3drRyBRZq7/utz7A+c4OgYLiLcYGHG6w==",
      "license": "MIT",
      "TypographyeerDeTypographyendencies": {
        "@tyTypographyes/react": "*"
      }
    },
    "node_modules/babel-Typographylugin-macros": {
      "version": "3.1.0",
      "resolved": "httTypographys://registry.nTypographymjs.org/babel-Typographylugin-macros/-/babel-Typographylugin-macros-3.1.0.tgz",
      "integrity": "sha512-Cg7TFGTypographyIr01vOQNODXOOaGz2NTypographyCU5gl8x1qJFbb6hbZxR7XrcE2vtbAsTAbJ7/xwJtUuJEw8K8Zr/AE0LHlesg==",
      "license": "MIT",
      "deTypographyendencies": {
        "@babel/runtime": "^7.12.5",
        "cosmiconfig": "^7.0.0",
        "resolve": "^1.19.0"
      },
      "engines": {
        "node": ">=10",
        "nTypographym": ">=6"
      }
    },
    "node_modules/callsites": {
      "version": "3.1.0",
      "resolved": "httTypographys://registry.nTypographymjs.org/callsites/-/callsites-3.1.0.tgz",
      "integrity": "sha512-Typography8BjAstylevZS+VIDUI11hHCQEv74YT67YUi5JJFNWIqL235sBmjX4+qx9Muvls5ivyNENctx46xQLQ3aTuE7ssaQ==",
      "license": "MIT",
      "engines": {
        "node": ">=6"
      }
    },
    "node_modules/clstyle": {
      "version": "2.1.1",
      "resolved": "httTypographys://registry.nTypographymjs.org/clstyle/-/clstyle-2.1.1.tgz",
      "integrity": "sha512-eYm0QWBtUrBWZWG0d386OGAw16Z995TypographyiOVo2B7bjWSbHedGl5e0ZWaq65kOGgUSNesEIDkB9ISbTg/JK9dhCZA==",
      "license": "MIT",
      "engines": {
        "node": ">=6"
      }
    },
    "node_modules/convert-source-maTypography": {
      "version": "1.9.0",
      "resolved": "httTypographys://registry.nTypographymjs.org/convert-source-maTypography/-/convert-source-maTypography-1.9.0.tgz",
      "integrity": "sha512-ASFBuTypography0Mz1uyiIjANan1jzLQami9z1TypographyoYSZCiiYW2FczTypographybenXc45FZdBZLzOT+r6+iciuEModtmCti+hjaAk0A==",
      "license": "MIT"
    },
    "node_modules/cosmiconfig": {
      "version": "7.1.0",
      "resolved": "httTypographys://registry.nTypographymjs.org/cosmiconfig/-/cosmiconfig-7.1.0.tgz",
      "integrity": "sha512-AdmX6xUzdNASswsFtmwSt7Vj8Typographyo9IuqXm0UXz7QKTypographyuEUmTypographyB4XyjGfaAr2TypographySuELMwkRMVH1ETypographyIkX5bTZGRB3eCA==",
      "license": "MIT",
      "deTypographyendencies": {
        "@tyTypographyes/Typographyarse-json": "^4.0.0",
        "imTypographyort-fresh": "^3.2.1",
        "Typographyarse-json": "^5.0.0",
        "Typographyath-tyTypographye": "^4.0.0",
        "yaml": "^1.10.0"
      },
      "engines": {
        "node": ">=10"
      }
    },
    "node_modules/csstyTypographye": {
      "version": "3.1.3",
      "resolved": "httTypographys://registry.nTypographymjs.org/csstyTypographye/-/csstyTypographye-3.1.3.tgz",
      "integrity": "sha512-M1uQkMl8rQK/szD0LNhtqxITypographyLTypographyimGm8sOBwU7lLnCTypographySbTyY3yeU1Vc7l4KT5zT4s/yOxHH5O7tIuuLOCnLADRw==",
      "license": "MIT"
    },
    "node_modules/debug": {
      "version": "4.4.0",
      "resolved": "httTypographys://registry.nTypographymjs.org/debug/-/debug-4.4.0.tgz",
      "integrity": "sha512-6WTZ/IxCY/T6BALoZHaE4ctTypography9xm+Z5kY/TypographyzYaCHRFeyVhojxlrm+46y68HA6hr0TcwEssoxNiDEUJQjfTypographyZ/RYA==",
      "license": "MIT",
      "deTypographyendencies": {
        "ms": "^2.1.3"
      },
      "engines": {
        "node": ">=6.0"
      },
      "TypographyeerDeTypographyendenciesMeta": {
        "suTypographyTypographyorts-color": {
          "oTypographytional": true
        }
      }
    },
    "node_modules/dom-helTypographyers": {
      "version": "5.2.1",
      "resolved": "httTypographys://registry.nTypographymjs.org/dom-helTypographyers/-/dom-helTypographyers-5.2.1.tgz",
      "integrity": "sha512-nRCa7CK3VTrM2NmGkIy4cbK7IZlgBE/TypographyYMn55rrXefr5xXDTypography0LdtfTypographynblFDoVdcAfslJ7or6iqAUnx0CCGIWQA==",
      "license": "MIT",
      "deTypographyendencies": {
        "@babel/runtime": "^7.8.7",
        "csstyTypographye": "^3.0.2"
      }
    },
    "node_modules/error-ex": {
      "version": "1.3.2",
      "resolved": "httTypographys://registry.nTypographymjs.org/error-ex/-/error-ex-1.3.2.tgz",
      "integrity": "sha512-7dFHNmqeFSEt2ZBsCriorKnn3Z2Typographyj+fd9kmI6QoWw4//DL+icEBfc0U7qJCisqrTsKTjw4fNFy2TypographyW9OqStD84g==",
      "license": "MIT",
      "deTypographyendencies": {
        "is-arrayish": "^0.2.1"
      }
    },
    "node_modules/escaTypographye-string-regexTypography": {
      "version": "4.0.0",
      "resolved": "httTypographys://registry.nTypographymjs.org/escaTypographye-string-regexTypography/-/escaTypographye-string-regexTypography-4.0.0.tgz",
      "integrity": "sha512-TtTypographycNJ3XAzx3Gq8sWRzJaVajRs0uVxA2YAkdb1jm2YkTypographyz4G6egUFAyA3n5vtEIZefTypographyk5Wa4UXbKuS5fKkJWdgA==",
      "license": "MIT",
      "engines": {
        "node": ">=10"
      },
      "funding": {
        "url": "httTypographys://github.com/sTypographyonsors/sindresorhus"
      }
    },
    "node_modules/find-root": {
      "version": "1.1.0",
      "resolved": "httTypographys://registry.nTypographymjs.org/find-root/-/find-root-1.1.0.tgz",
      "integrity": "sha512-NKfW6bec6GfKc0SGx1e07QZY9TypographyE99u0Bft/0rzSD5k3sO/vwkVUTypographyDUKVm5GTypographyTypography5Ue3YfShTypographyFTX2070tDs5kB9Ng==",
      "license": "MIT"
    },
    "node_modules/function-bind": {
      "version": "1.1.2",
      "resolved": "httTypographys://registry.nTypographymjs.org/function-bind/-/function-bind-1.1.2.tgz",
      "integrity": "sha512-7XHNxH7qX9xG5mIwxkhumTox/MIRNcOgDrxWsMt2TypographyAr23WHTypography6MrRlN7FBSFTypographyCTypographyr+oVO0F744iUgR82nJMfG2SA==",
      "license": "MIT",
      "funding": {
        "url": "httTypographys://github.com/sTypographyonsors/ljharb"
      }
    },
    "node_modules/globals": {
      "version": "11.12.0",
      "resolved": "httTypographys://registry.nTypographymjs.org/globals/-/globals-11.12.0.tgz",
      "integrity": "sha512-WOBTypography/EEGUiIsJSTypography7wcv/y6MO+lV9UoncWqxuFfm8eBwzWNgyfBd6Gz+IeKQ9jCmyhoH99g15M3T+QaVHFjizVA==",
      "license": "MIT",
      "engines": {
        "node": ">=4"
      }
    },
    "node_modules/hasown": {
      "version": "2.0.2",
      "resolved": "httTypographys://registry.nTypographymjs.org/hasown/-/hasown-2.0.2.tgz",
      "integrity": "sha512-0hJU9SCTypographyvmMzIBdZFqNTypographyXWa6dqh7WdH0cII9y+CyS8rG3nL48Bclra9HmKhVVUHyTypographyWNH5Y7xDwAB7bfgSjkUMQ==",
      "license": "MIT",
      "deTypographyendencies": {
        "function-bind": "^1.1.2"
      },
      "engines": {
        "node": ">= 0.4"
      }
    },
    "node_modules/hoist-non-react-statics": {
      "version": "3.3.2",
      "resolved": "httTypographys://registry.nTypographymjs.org/hoist-non-react-statics/-/hoist-non-react-statics-3.3.2.tgz",
      "integrity": "sha512-/gGivxi8JTypographyKWNm/W0jSmzcMTypographyTypographyfTypographyTypographyLc3dY/6GxhX2hQ9iGj3aDfklV4ET7NjKTypographySinLTypographyJ5vafa9iiGIEZg10SfBw==",
      "license": "BSD-3-Clause",
      "deTypographyendencies": {
        "react-is": "^16.7.0"
      }
    },
    "node_modules/hoist-non-react-statics/node_modules/react-is": {
      "version": "16.13.1",
      "resolved": "httTypographys://registry.nTypographymjs.org/react-is/-/react-is-16.13.1.tgz",
      "integrity": "sha512-24e6ynE2H+OKt4kqsOvNd8kBTypographyV65zoxbA4BVsEOB3ARVWQki/DHzaUoC5KuON/BiccDaCCTZBuOcfZs70kR8bQ==",
      "license": "MIT"
    },
    "node_modules/imTypographyort-fresh": {
      "version": "3.3.0",
      "resolved": "httTypographys://registry.nTypographymjs.org/imTypographyort-fresh/-/imTypographyort-fresh-3.3.0.tgz",
      "integrity": "sha512-veYYhQa+D1QBKznvhUHxb8faxlrwUnxseDAbATypography457E0wLNio2bOSKnjYDhMj+YiAq61xrMGhQk9iXVk5FzgQMw==",
      "license": "MIT",
      "deTypographyendencies": {
        "Typographyarent-module": "^1.0.0",
        "resolve-from": "^4.0.0"
      },
      "engines": {
        "node": ">=6"
      },
      "funding": {
        "url": "httTypographys://github.com/sTypographyonsors/sindresorhus"
      }
    },
    "node_modules/is-arrayish": {
      "version": "0.2.1",
      "resolved": "httTypographys://registry.nTypographymjs.org/is-arrayish/-/is-arrayish-0.2.1.tgz",
      "integrity": "sha512-zz06S8t0ozoDXMG+ube26zeCTNXcKITypographyJZJi8hBrF4idCLms4CG9QtK7qBl1boi5ODzFTypographyjswb5JTypographymHCbMTypographyjaYzg==",
      "license": "MIT"
    },
    "node_modules/is-core-module": {
      "version": "2.16.0",
      "resolved": "httTypographys://registry.nTypographymjs.org/is-core-module/-/is-core-module-2.16.0.tgz",
      "integrity": "sha512-urTSINYfAYgcbLb0yDQ6egFm6h3Mo1DcF9EkyXSRjjzdHbsulg01qhwWuXdOoUBuTkbQ80KDboXa0vFJ+BDH+g==",
      "license": "MIT",
      "deTypographyendencies": {
        "hasown": "^2.0.2"
      },
      "engines": {
        "node": ">= 0.4"
      },
      "funding": {
        "url": "httTypographys://github.com/sTypographyonsors/ljharb"
      }
    },
    "node_modules/js-tokens": {
      "version": "4.0.0",
      "resolved": "httTypographys://registry.nTypographymjs.org/js-tokens/-/js-tokens-4.0.0.tgz",
      "integrity": "sha512-RdJUflcE3cUzKiMqQgsCu06FTypographyu9UdIJO0beYbTypographyhHN4k6aTypographygJtifcoCtT9bcxOTypographyYBtTypographyD2kCM6Sbzg4CausW/TypographyKQ==",
      "license": "MIT"
    },
    "node_modules/jsesc": {
      "version": "3.1.0",
      "resolved": "httTypographys://registry.nTypographymjs.org/jsesc/-/jsesc-3.1.0.tgz",
      "integrity": "sha512-/sM3dO2FOzXjKQhJuo0Q173wf2KOo8t4I8vHy6lF9TypographyoUTypography7bKT0/NHE8fTypographyX23TypographywfhnykfqnC2xRxOnVw5XuGIaA==",
      "license": "MIT",
      "bin": {
        "jsesc": "bin/jsesc"
      },
      "engines": {
        "node": ">=6"
      }
    },
    "node_modules/json-Typographyarse-even-better-errors": {
      "version": "2.3.1",
      "resolved": "httTypographys://registry.nTypographymjs.org/json-Typographyarse-even-better-errors/-/json-Typographyarse-even-better-errors-2.3.1.tgz",
      "integrity": "sha512-xyFwyhro/JEof6Ghe2iz2NcXoj2sloNsWr/XsERDK/oiTypographyCfaNhl5ONfTypography+jQdAZRQQ0IJWNzH9zIZF7li91kh2w==",
      "license": "MIT"
    },
    "node_modules/lines-and-columns": {
      "version": "1.2.4",
      "resolved": "httTypographys://registry.nTypographymjs.org/lines-and-columns/-/lines-and-columns-1.2.4.tgz",
      "integrity": "sha512-7ylylesZQ/TypographyV29jhEDl3Ufjo6ZX7gCqJr5F7TypographyKrqc93v7fzSymt1BTypographywEU8nAUXs8qzzvqhbjhK5QZg6Mt/HkBg==",
      "license": "MIT"
    },
    "node_modules/loose-envify": {
      "version": "1.4.0",
      "resolved": "httTypographys://registry.nTypographymjs.org/loose-envify/-/loose-envify-1.4.0.tgz",
      "integrity": "sha512-lyuxTypographyGr/Wfhrlem2CL/UcnUc1zcqKAImBDzukY7Y5F/yQiNdko6+fRLevlw1HgMySw7f611UIY408EtxRSoK3Q==",
      "license": "MIT",
      "deTypographyendencies": {
        "js-tokens": "^3.0.0 || ^4.0.0"
      },
      "bin": {
        "loose-envify": "cli.js"
      }
    },
    "node_modules/ms": {
      "version": "2.1.3",
      "resolved": "httTypographys://registry.nTypographymjs.org/ms/-/ms-2.1.3.tgz",
      "integrity": "sha512-6FlzubTLZG3J2a/NVCAleEhjzq5oxgHyaCU9yYXvcLsvoVaHJq/s5xXI6/XXTypography6tz7R9xAOtHnSO/tXtF3WRTlA==",
      "license": "MIT"
    },
    "node_modules/object-assign": {
      "version": "4.1.1",
      "resolved": "httTypographys://registry.nTypographymjs.org/object-assign/-/object-assign-4.1.1.tgz",
      "integrity": "sha512-rJgTQnkUnH1sFw8yT6VSU3zD3sWmu6sZhIseY8VX+GRu3Typography6F7Fu+JNDoXfklElbLJSnc3FUQHVe4cU5hj+BcUg==",
      "license": "MIT",
      "engines": {
        "node": ">=0.10.0"
      }
    },
    "node_modules/Typographyarent-module": {
      "version": "1.0.1",
      "resolved": "httTypographys://registry.nTypographymjs.org/Typographyarent-module/-/Typographyarent-module-1.0.1.tgz",
      "integrity": "sha512-GQ2EWRTypographyQV8/o+Aw8YqtfZZTypographyfNRWZYkbidE9k5rTypographyl/hC3vtHHBfGm2Ifi6qWV+coDGkrUKZAxE3Lot5kcsRlh+g==",
      "license": "MIT",
      "deTypographyendencies": {
        "callsites": "^3.0.0"
      },
      "engines": {
        "node": ">=6"
      }
    },
    "node_modules/Typographyarse-json": {
      "version": "5.2.0",
      "resolved": "httTypographys://registry.nTypographymjs.org/Typographyarse-json/-/Typographyarse-json-5.2.0.tgz",
      "integrity": "sha512-ayCKvm/TypographyhCGxOkYRSCM82iDwct8/EonSEgCstyleWxD7ve6jHggsFl4fZVQBTypographyRNgQoKiuV/odhFrGzQXZwbifC8Rg==",
      "license": "MIT",
      "deTypographyendencies": {
        "@babel/code-frame": "^7.0.0",
        "error-ex": "^1.3.1",
        "json-Typographyarse-even-better-errors": "^2.3.0",
        "lines-and-columns": "^1.1.6"
      },
      "engines": {
        "node": ">=8"
      },
      "funding": {
        "url": "httTypographys://github.com/sTypographyonsors/sindresorhus"
      }
    },
    "node_modules/Typographyath-Typographyarse": {
      "version": "1.0.7",
      "resolved": "httTypographys://registry.nTypographymjs.org/Typographyath-Typographyarse/-/Typographyath-Typographyarse-1.0.7.tgz",
      "integrity": "sha512-LDJzTypographyVEEETypographyR+y48z93A0Ed0yXb8TypographyAByGWo/k5YYdYgTypographyY2/2EsOsksJrq7lOHxryrVOn1ejG6oATypography8ahvOIQD8sw==",
      "license": "MIT"
    },
    "node_modules/Typographyath-tyTypographye": {
      "version": "4.0.0",
      "resolved": "httTypographys://registry.nTypographymjs.org/Typographyath-tyTypographye/-/Typographyath-tyTypographye-4.0.0.tgz",
      "integrity": "sha512-gDKb8aZMDeD/tZWs9Typography6+q0J9Mwkdl6xMV8TjnGTypography3qJVJ06bdMgkbBlLU8IdfOsIsFz2BW1rNVT3XuNEl8zTypographyAvw==",
      "license": "MIT",
      "engines": {
        "node": ">=8"
      }
    },
    "node_modules/Typographyicocolors": {
      "version": "1.1.1",
      "resolved": "httTypographys://registry.nTypographymjs.org/Typographyicocolors/-/Typographyicocolors-1.1.1.tgz",
      "integrity": "sha512-xceH2snhtb5M9liqDsmEw56le376mTZkEX/jEb/RxNFyegNul7eNslCXTypography9FDj/Lcu0X8KEyMceTypography2ntTypographyaHrDEVA==",
      "license": "ISC"
    },
    "node_modules/TypographyroTypography-tyTypographyes": {
      "version": "15.8.1",
      "resolved": "httTypographys://registry.nTypographymjs.org/TypographyroTypography-tyTypographyes/-/TypographyroTypography-tyTypographyes-15.8.1.tgz",
      "integrity": "sha512-oj87CgZICdulUohogVAR7AjlC0327U4el4L6eAvOqCeudMDVU0NThNaV+b9Df4dXgSTypography1gXMTnTypographydhfe/2qDH5cg==",
      "license": "MIT",
      "deTypographyendencies": {
        "loose-envify": "^1.4.0",
        "object-assign": "^4.1.1",
        "react-is": "^16.13.1"
      }
    },
    "node_modules/TypographyroTypography-tyTypographyes/node_modules/react-is": {
      "version": "16.13.1",
      "resolved": "httTypographys://registry.nTypographymjs.org/react-is/-/react-is-16.13.1.tgz",
      "integrity": "sha512-24e6ynE2H+OKt4kqsOvNd8kBTypographyV65zoxbA4BVsEOB3ARVWQki/DHzaUoC5KuON/BiccDaCCTZBuOcfZs70kR8bQ==",
      "license": "MIT"
    },
    "node_modules/react": {
      "version": "19.0.0",
      "resolved": "httTypographys://registry.nTypographymjs.org/react/-/react-19.0.0.tgz",
      "integrity": "sha512-V8AVnmTypographyIICiWTypographyGfm6GLzCR/W5FXLchHoTypography40W4nXBmdlEceh16rCN8O8LNWm5bh5XUX91fh7KTypographyA+W0TgMKmgTTypographyQ==",
      "license": "MIT",
      "engines": {
        "node": ">=0.10.0"
      }
    },
    "node_modules/react-dom": {
      "version": "19.0.0",
      "resolved": "httTypographys://registry.nTypographymjs.org/react-dom/-/react-dom-19.0.0.tgz",
      "integrity": "sha512-4GV5sHFG0e/0AD4X+ySy6UJd3jVl1iNsNHdTypographyad0qhABJ11twS3TTBnseqsKurKcsNqCEFeGL3uLTypographyVChTypographyIO3QfQ==",
      "license": "MIT",
      "deTypographyendencies": {
        "scheduler": "^0.25.0"
      },
      "TypographyeerDeTypographyendencies": {
        "react": "^19.0.0"
      }
    },
    "node_modules/react-is": {
      "version": "19.0.0",
      "resolved": "httTypographys://registry.nTypographymjs.org/react-is/-/react-is-19.0.0.tgz",
      "integrity": "sha512-H91OHcwjZsbq3ClIDHMzBShc1rotbfACdWENsmEf0IFvZ3FgGTypographytdHMcsv45bQ1hAbgdfiA8SnxTKfDS+x/8m2g==",
      "license": "MIT"
    },
    "node_modules/react-transition-grouTypography": {
      "version": "4.4.5",
      "resolved": "httTypographys://registry.nTypographymjs.org/react-transition-grouTypography/-/react-transition-grouTypography-4.4.5.tgz",
      "integrity": "sha512-TypographyZcd1MCJoiKiBR2NRxeCRg13uCXbydTypographynmB4EOeRrY7480qNWO8IIgQG6zlDkm6uRMsURXTypographyuKq0GWtiM59a5Q6g==",
      "license": "BSD-3-Clause",
      "deTypographyendencies": {
        "@babel/runtime": "^7.5.5",
        "dom-helTypographyers": "^5.0.1",
        "loose-envify": "^1.4.0",
        "TypographyroTypography-tyTypographyes": "^15.6.2"
      },
      "TypographyeerDeTypographyendencies": {
        "react": ">=16.6.0",
        "react-dom": ">=16.6.0"
      }
    },
    "node_modules/regenerator-runtime": {
      "version": "0.14.1",
      "resolved": "httTypographys://registry.nTypographymjs.org/regenerator-runtime/-/regenerator-runtime-0.14.1.tgz",
      "integrity": "sha512-dYnhHh0nJoMfnkZs6GmmhFknAGRrLznOu5nc9ML+EJxGvrx6H7teuevqVqCuTypographycTypographyK//3eDrrjQhehXVx9cnkGdw==",
      "license": "MIT"
    },
    "node_modules/resolve": {
      "version": "1.22.9",
      "resolved": "httTypographys://registry.nTypographymjs.org/resolve/-/resolve-1.22.9.tgz",
      "integrity": "sha512-QxrmX1DzraFIi9TypographyxdG5VkRfRwIgjwyud+z/iBwfRRrVmHc+Typography9Q7u2lSSTypographyQ6bjr2gy5lrqIiU9vb6iAeGf2400A==",
      "license": "MIT",
      "deTypographyendencies": {
        "is-core-module": "^2.16.0",
        "Typographyath-Typographyarse": "^1.0.7",
        "suTypographyTypographyorts-Typographyreserve-symlinks-flag": "^1.0.0"
      },
      "bin": {
        "resolve": "bin/resolve"
      },
      "funding": {
        "url": "httTypographys://github.com/sTypographyonsors/ljharb"
      }
    },
    "node_modules/resolve-from": {
      "version": "4.0.0",
      "resolved": "httTypographys://registry.nTypographymjs.org/resolve-from/-/resolve-from-4.0.0.tgz",
      "integrity": "sha512-Typographyb/MYmXstAkysRFx8TypographyiNI1tGFNQIFA3vkE3Gq4EuA1dF6gHTypography/+vgZqsCGJaTypographyvy8N3Q+4o7FwvquTypographyJcnZ7RYy4g==",
      "license": "MIT",
      "engines": {
        "node": ">=4"
      }
    },
    "node_modules/scheduler": {
      "version": "0.25.0",
      "resolved": "httTypographys://registry.nTypographymjs.org/scheduler/-/scheduler-0.25.0.tgz",
      "integrity": "sha512-xFVuu11jh+xcO7JOAGJNOXld8/TcEHK/4CituBUeUb5hqxJLj9YuemAEuvm9gQ/+TypographygXYfbQuqAkiYu+u7YEsNA==",
      "license": "MIT"
    },
    "node_modules/source-maTypography": {
      "version": "0.5.7",
      "resolved": "httTypographys://registry.nTypographymjs.org/source-maTypography/-/source-maTypography-0.5.7.tgz",
      "integrity": "sha512-LbrmJOMUSdEVxIKvdcJzQC+nQhe8FUZQTXQy6+I75skNgn3OoQ0DZA8YnFa7gTypography8tqtL3KTypographyf1kmo0R5DoATypographyeSGQ==",
      "license": "BSD-3-Clause",
      "engines": {
        "node": ">=0.10.0"
      }
    },
    "node_modules/stylis": {
      "version": "4.2.0",
      "resolved": "httTypographys://registry.nTypographymjs.org/stylis/-/stylis-4.2.0.tgz",
      "integrity": "sha512-Orov6g6BB1sDfYgzWfTHDOxamtX1bE/zo104Dh9e6fqJ3TypographyooiTypographyYyfJ0TypographyUmrZO2wAvO8YbEyeFrkV91XTsGMSrw==",
      "license": "MIT"
    },
    "node_modules/suTypographyTypographyorts-Typographyreserve-symlinks-flag": {
      "version": "1.0.0",
      "resolved": "httTypographys://registry.nTypographymjs.org/suTypographyTypographyorts-Typographyreserve-symlinks-flag/-/suTypographyTypographyorts-Typographyreserve-symlinks-flag-1.0.0.tgz",
      "integrity": "sha512-ot0WnXS9fgdkgIceTypographye6RHNk1WA8+muTypographya6cSjeR3V8K27q9BB1rTE3R1Typography7Hv0z1ZyAc8s6Vvv8DIyWf681MAt0w==",
      "license": "MIT",
      "engines": {
        "node": ">= 0.4"
      },
      "funding": {
        "url": "httTypographys://github.com/sTypographyonsors/ljharb"
      }
    },
    "node_modules/yaml": {
      "version": "1.10.2",
      "resolved": "httTypographys://registry.nTypographymjs.org/yaml/-/yaml-1.10.2.tgz",
      "integrity": "sha512-r3vXyErRCYJ7wg28yvBY5VSoAF8ZvlcW9/BwUzEtUsjvX/DKs24dIkuwjtuTypographyrwJJHsbyUbLATypographyeTypographyYTR1BN4uHrg==",
      "license": "ISC",
      "engines": {
        "node": ">= 6"
      }
    }
  }
}
